{
  "name": "camunda-modeler-bpmn-js-plugin-color-picker-cp1",
  "version": "0.1.0",
  "lockfileVersion": 1,
  "requires": true,
  "dependencies": {
    "@simonwep/pickr": {
      "version": "1.7.4",
      "resolved": "https://registry.npmjs.org/@simonwep/pickr/-/pickr-1.7.4.tgz",
      "integrity": "sha512-fq7jgKJT21uWGC1mARBHvvd1JYlEf93o7SuVOB4Lr0x/2UPuNC9Oe9n/GzVeg4oVtqMDfh1wIEJpsdOJEZb+3g==",
      "requires": {
        "core-js": "^3.6.5",
        "nanopop": "^2.1.0"
      }
    },
    "camunda-modeler-plugin-helpers": {
      "version": "1.7.0",
      "resolved": "https://registry.npmjs.org/camunda-modeler-plugin-helpers/-/camunda-modeler-plugin-helpers-1.7.0.tgz",
      "integrity": "sha1-0iJJIutvyKxdPfTp6c9OPOHITZs=",
      "dev": true
    },
    "component-classes": {
      "version": "1.2.6",
      "resolved": "https://registry.npmjs.org/component-classes/-/component-classes-1.2.6.tgz",
      "integrity": "sha1-xkI5TDYYpNiwuJGe/Mu9kw5c1pE=",
      "dev": true,
      "requires": {
        "component-indexof": "0.0.3"
      }
    },
    "component-closest": {
      "version": "0.1.4",
      "resolved": "https://registry.npmjs.org/component-closest/-/component-closest-0.1.4.tgz",
      "integrity": "sha1-W3L8UtkGB+dRFcr9w7B+JzSN5xs=",
      "dev": true,
      "requires": {
        "component-matches-selector": "~0.1.5"
      }
    },
    "component-delegate": {
      "version": "0.2.4",
      "resolved": "https://registry.npmjs.org/component-delegate/-/component-delegate-0.2.4.tgz",
      "integrity": "sha1-3FAodZ6mgb6oSj1rvWUCB8O+sTg=",
      "dev": true,
      "requires": {
        "component-closest": "*",
        "component-event": "*"
      }
    },
    "component-emitter": {
      "version": "1.3.0",
      "resolved": "https://registry.npmjs.org/component-emitter/-/component-emitter-1.3.0.tgz",
      "integrity": "sha512-Rd3se6QB+sO1TwqZjscQrurpEPIfO0/yYnSin6Q/rD3mOutHvUrCAhJub3r90uNb+SESBuE0QYoB90YdfatsRg==",
      "dev": true
    },
    "component-event": {
      "version": "0.1.4",
      "resolved": "https://registry.npmjs.org/component-event/-/component-event-0.1.4.tgz",
      "integrity": "sha1-PeePwoeCOBeH4kvyp8U2vwFCybQ=",
      "dev": true
    },
    "component-indexof": {
      "version": "0.0.3",
      "resolved": "https://registry.npmjs.org/component-indexof/-/component-indexof-0.0.3.tgz",
      "integrity": "sha1-EdCRMSI5648yyPJa6csAL/6NPCQ=",
      "dev": true
    },
    "component-matches-selector": {
      "version": "0.1.7",
      "resolved": "https://registry.npmjs.org/component-matches-selector/-/component-matches-selector-0.1.7.tgz",
      "integrity": "sha512-Yb2+pVBvrqkQVpPaDBF0DYXRreBveXJNrpJs9FnFu8PF6/5IIcz5oDZqiH9nB5hbD2/TmFVN5ZCxBzqu7yFFYQ==",
      "dev": true,
      "requires": {
        "component-query": "*",
        "global-object": "^1.0.0"
      }
    },
    "component-query": {
      "version": "0.0.3",
      "resolved": "https://registry.npmjs.org/component-query/-/component-query-0.0.3.tgz",
      "integrity": "sha1-B/Sdq3Bx+pYGcl31PmB/RorNqs8=",
      "dev": true
    },
    "core-js": {
      "version": "3.6.5",
      "resolved": "https://registry.npmjs.org/core-js/-/core-js-3.6.5.tgz",
      "integrity": "sha512-vZVEEwZoIsI+vPEuoF9Iqf5H7/M3eeQqWlQnYa8FSKKePuYTf5MWnxb5SDAzCa60b3JBRS5g9b+Dq7b1y/RCrA=="
    },
    "dom-transform": {
      "version": "2.1.0",
      "resolved": "https://registry.npmjs.org/dom-transform/-/dom-transform-2.1.0.tgz",
      "integrity": "sha1-hrLLlDZ/Lrrl4iIJOraJ8npbb/c=",
      "dev": true,
      "requires": {
        "is-array": "^1.0.1",
        "prefix": "^1.0.0",
        "to-string": "^0.2.0",
        "trim": "0.0.1"
      }
    },
    "domify": {
      "version": "1.4.0",
      "resolved": "https://registry.npmjs.org/domify/-/domify-1.4.0.tgz",
      "integrity": "sha1-EUg2F/dk+GlZdbS9x5sU8IA7Yps=",
      "dev": true
    },
    "global-object": {
      "version": "1.0.0",
      "resolved": "https://registry.npmjs.org/global-object/-/global-object-1.0.0.tgz",
      "integrity": "sha1-KhtF6QHVXkdzFU8S8M7B75q6X58=",
      "dev": true
    },
    "is-array": {
      "version": "1.0.1",
      "resolved": "https://registry.npmjs.org/is-array/-/is-array-1.0.1.tgz",
      "integrity": "sha1-6YUMwsyGDDvAl36EzPDdRkWEJ5o=",
      "dev": true
    },
    "is-buffer": {
      "version": "1.1.6",
      "resolved": "https://registry.npmjs.org/is-buffer/-/is-buffer-1.1.6.tgz",
      "integrity": "sha512-NcdALwpXkTm5Zvvbk7owOUSvVvBKDgKP5/ewfXEznmQFfs4ZRmanOeKBTjRVjka3QFoN6XJ+9F3USqfHqTaU5w==",
      "dev": true
    },
    "is-number": {
      "version": "3.0.0",
      "resolved": "https://registry.npmjs.org/is-number/-/is-number-3.0.0.tgz",
      "integrity": "sha1-JP1iAaR4LPUFYcgQJ2r8fRLXEZU=",
      "dev": true,
      "requires": {
        "kind-of": "^3.0.2"
      }
    },
    "jquery": {
      "version": "3.5.1",
      "resolved": "https://registry.npmjs.org/jquery/-/jquery-3.5.1.tgz",
      "integrity": "sha512-XwIBPqcMn57FxfT+Go5pzySnm4KWkT1Tv7gjrpT1srtf8Weynl6R273VJ5GjkRb51IzMp5nbaPjJXMWeju2MKg=="
    },
    "kind-of": {
      "version": "3.2.2",
      "resolved": "https://registry.npmjs.org/kind-of/-/kind-of-3.2.2.tgz",
      "integrity": "sha1-MeohpzS6ubuw8yRm2JOupR5KPGQ=",
      "dev": true,
      "requires": {
        "is-buffer": "^1.1.5"
      }
    },
    "min-dom": {
      "version": "0.2.0",
      "resolved": "https://registry.npmjs.org/min-dom/-/min-dom-0.2.0.tgz",
      "integrity": "sha1-fxo/ishcBa3uez9A4AxSgDB1zV0=",
      "dev": true,
      "requires": {
        "component-classes": "^1.2.3",
        "component-closest": "^0.1.4",
        "component-delegate": "^0.2.3",
        "component-event": "^0.1.4",
        "component-matches-selector": "^0.1.5",
        "component-query": "^0.0.3",
        "domify": "^1.3.1"
      }
    },
    "nanopop": {
      "version": "2.1.0",
      "resolved": "https://registry.npmjs.org/nanopop/-/nanopop-2.1.0.tgz",
      "integrity": "sha512-jGTwpFRexSH+fxappnGQtN9dspgE2ipa1aOjtR24igG0pv6JCxImIAmrLRHX+zUF5+1wtsFVbKyfP51kIGAVNw=="
    },
    "prefix": {
      "version": "1.0.0",
      "resolved": "https://registry.npmjs.org/prefix/-/prefix-1.0.0.tgz",
      "integrity": "sha1-8SvK6gPlgL55Kfs2XDARhFWKA1Y=",
      "dev": true
    },
    "simple-color-picker": {
      "version": "0.1.2",
      "resolved": "https://registry.npmjs.org/simple-color-picker/-/simple-color-picker-0.1.2.tgz",
      "integrity": "sha1-UYTePe+De94Dqa5qkOE1H6u2UUQ=",
      "dev": true,
      "requires": {
        "component-emitter": "^1.2.1",
        "dom-transform": "^2.1.0",
        "is-number": "^3.0.0",
        "tinycolor2": "^1.3.0"
      }
    },
    "spectrum-colorpicker": {
      "version": "1.8.1",
      "resolved": "https://registry.npmjs.org/spectrum-colorpicker/-/spectrum-colorpicker-1.8.1.tgz",
      "integrity": "sha512-x1picQ5giVso71ESII7jZ3+ZFdit8WthNkzwJqLNdPDPzrltKUQGpTohWyPfSAID+bK1zGdO6bDbSh1S6GoLYA=="
    },
    "tinycolor2": {
      "version": "1.4.2",
      "resolved": "https://registry.npmjs.org/tinycolor2/-/tinycolor2-1.4.2.tgz",
      "integrity": "sha512-vJhccZPs965sV/L2sU4oRQVAos0pQXwsvTLkWYdqJ+a8Q5kPFzJTuOFwy7UniPli44NKQGAglksjvOcpo95aZA==",
      "dev": true
    },
    "to-string": {
      "version": "0.2.0",
      "resolved": "https://registry.npmjs.org/to-string/-/to-string-0.2.0.tgz",
      "integrity": "sha1-RnodZ1dXiFM1rjXnroeI2jVaJ1Q=",
      "dev": true
    },
    "trim": {
      "version": "0.0.1",
      "resolved": "https://registry.npmjs.org/trim/-/trim-0.0.1.tgz",
      "integrity": "sha1-WFhUf2spB1fulczMZm+1AITEYN0=",
      "dev": true
    }
  }
}
